// !$*UTF8*$!
{
	archiveVersion = 1;
	classes = {
	};
	objectVersion = 51;
	objects = {

/* Begin PBXBuildFile section */
		0A1179F1B5BC21A08905398C /* Pods_DailyCat.framework in Frameworks */ = {isa = PBXBuildFile; fileRef = 139D29FF31E4F58A8C85DF85 /* Pods_DailyCat.framework */; };
		2772082624390755009F0698 /* AppDelegate.swift in Sources */ = {isa = PBXBuildFile; fileRef = 2772082524390755009F0698 /* AppDelegate.swift */; };
		2772082824390755009F0698 /* SceneDelegate.swift in Sources */ = {isa = PBXBuildFile; fileRef = 2772082724390755009F0698 /* SceneDelegate.swift */; };
		2772082A24390755009F0698 /* ViewController.swift in Sources */ = {isa = PBXBuildFile; fileRef = 2772082924390755009F0698 /* ViewController.swift */; };
		2772082D24390755009F0698 /* Main.storyboard in Resources */ = {isa = PBXBuildFile; fileRef = 2772082B24390755009F0698 /* Main.storyboard */; };
		2772082F24390759009F0698 /* Assets.xcassets in Resources */ = {isa = PBXBuildFile; fileRef = 2772082E24390759009F0698 /* Assets.xcassets */; };
		2772083224390759009F0698 /* LaunchScreen.storyboard in Resources */ = {isa = PBXBuildFile; fileRef = 2772083024390759009F0698 /* LaunchScreen.storyboard */; };
		2772083D24390759009F0698 /* DailyCatTests.swift in Sources */ = {isa = PBXBuildFile; fileRef = 2772083C24390759009F0698 /* DailyCatTests.swift */; };
		277208482439078A009F0698 /* Endpoint.swift in Sources */ = {isa = PBXBuildFile; fileRef = 277208472439078A009F0698 /* Endpoint.swift */; };
		2772084C24390CDF009F0698 /* CatFacts.swift in Sources */ = {isa = PBXBuildFile; fileRef = 2772084B24390CDF009F0698 /* CatFacts.swift */; };
		2772084E24390E4C009F0698 /* CatApi.swift in Sources */ = {isa = PBXBuildFile; fileRef = 2772084D24390E4C009F0698 /* CatApi.swift */; };
		27720852243A7528009F0698 /* cat_in_box.jpg in Resources */ = {isa = PBXBuildFile; fileRef = 27720851243A7528009F0698 /* cat_in_box.jpg */; };
		277E5E4F243B9E9900BBEBA8 /* AboutScreen.swift in Sources */ = {isa = PBXBuildFile; fileRef = 277E5E4E243B9E9900BBEBA8 /* AboutScreen.swift */; };
		3A09B5152B1DDBEE22F1D201 /* Pods_DailyCatTests.framework in Frameworks */ = {isa = PBXBuildFile; fileRef = C72197702376335AD0E319E8 /* Pods_DailyCatTests.framework */; };
/* End PBXBuildFile section */

/* Begin PBXContainerItemProxy section */
		2772083924390759009F0698 /* PBXContainerItemProxy */ = {
			isa = PBXContainerItemProxy;
			containerPortal = 2772081A24390755009F0698 /* Project object */;
			proxyType = 1;
			remoteGlobalIDString = 2772082124390755009F0698;
			remoteInfo = DailyCat;
		};
/* End PBXContainerItemProxy section */

/* Begin PBXFileReference section */
		139D29FF31E4F58A8C85DF85 /* Pods_DailyCat.framework */ = {isa = PBXFileReference; explicitFileType = wrapper.framework; includeInIndex = 0; path = Pods_DailyCat.framework; sourceTree = BUILT_PRODUCTS_DIR; };
		2772082224390755009F0698 /* DailyCat.app */ = {isa = PBXFileReference; explicitFileType = wrapper.application; includeInIndex = 0; path = DailyCat.app; sourceTree = BUILT_PRODUCTS_DIR; };
		2772082524390755009F0698 /* AppDelegate.swift */ = {isa = PBXFileReference; lastKnownFileType = sourcecode.swift; path = AppDelegate.swift; sourceTree = "<group>"; };
		2772082724390755009F0698 /* SceneDelegate.swift */ = {isa = PBXFileReference; lastKnownFileType = sourcecode.swift; path = SceneDelegate.swift; sourceTree = "<group>"; };
		2772082924390755009F0698 /* ViewController.swift */ = {isa = PBXFileReference; lastKnownFileType = sourcecode.swift; path = ViewController.swift; sourceTree = "<group>"; };
		2772082C24390755009F0698 /* Base */ = {isa = PBXFileReference; lastKnownFileType = file.storyboard; name = Base; path = Base.lproj/Main.storyboard; sourceTree = "<group>"; };
		2772082E24390759009F0698 /* Assets.xcassets */ = {isa = PBXFileReference; lastKnownFileType = folder.assetcatalog; path = Assets.xcassets; sourceTree = "<group>"; };
		2772083124390759009F0698 /* Base */ = {isa = PBXFileReference; lastKnownFileType = file.storyboard; name = Base; path = Base.lproj/LaunchScreen.storyboard; sourceTree = "<group>"; };
		2772083324390759009F0698 /* Info.plist */ = {isa = PBXFileReference; lastKnownFileType = text.plist.xml; path = Info.plist; sourceTree = "<group>"; };
		2772083824390759009F0698 /* DailyCatTests.xctest */ = {isa = PBXFileReference; explicitFileType = wrapper.cfbundle; includeInIndex = 0; path = DailyCatTests.xctest; sourceTree = BUILT_PRODUCTS_DIR; };
		2772083C24390759009F0698 /* DailyCatTests.swift */ = {isa = PBXFileReference; lastKnownFileType = sourcecode.swift; path = DailyCatTests.swift; sourceTree = "<group>"; };
		2772083E24390759009F0698 /* Info.plist */ = {isa = PBXFileReference; lastKnownFileType = text.plist.xml; path = Info.plist; sourceTree = "<group>"; };
		277208472439078A009F0698 /* Endpoint.swift */ = {isa = PBXFileReference; lastKnownFileType = sourcecode.swift; path = Endpoint.swift; sourceTree = "<group>"; };
		2772084B24390CDF009F0698 /* CatFacts.swift */ = {isa = PBXFileReference; lastKnownFileType = sourcecode.swift; path = CatFacts.swift; sourceTree = "<group>"; };
		2772084D24390E4C009F0698 /* CatApi.swift */ = {isa = PBXFileReference; lastKnownFileType = sourcecode.swift; path = CatApi.swift; sourceTree = "<group>"; };
		27720851243A7528009F0698 /* cat_in_box.jpg */ = {isa = PBXFileReference; lastKnownFileType = image.jpeg; path = cat_in_box.jpg; sourceTree = "<group>"; };
		27720853243AB326009F0698 /* GoogleUtilities.framework */ = {isa = PBXFileReference; explicitFileType = wrapper.framework; path = GoogleUtilities.framework; sourceTree = BUILT_PRODUCTS_DIR; };
		277E5E4E243B9E9900BBEBA8 /* AboutScreen.swift */ = {isa = PBXFileReference; lastKnownFileType = sourcecode.swift; path = AboutScreen.swift; sourceTree = "<group>"; };
		2BA0DAE20499D69B7119F094 /* Pods-DailyCatTests.release.xcconfig */ = {isa = PBXFileReference; includeInIndex = 1; lastKnownFileType = text.xcconfig; name = "Pods-DailyCatTests.release.xcconfig"; path = "Target Support Files/Pods-DailyCatTests/Pods-DailyCatTests.release.xcconfig"; sourceTree = "<group>"; };
		32F87504CF4D09818EB4A643 /* Pods-DailyCat.release.xcconfig */ = {isa = PBXFileReference; includeInIndex = 1; lastKnownFileType = text.xcconfig; name = "Pods-DailyCat.release.xcconfig"; path = "Target Support Files/Pods-DailyCat/Pods-DailyCat.release.xcconfig"; sourceTree = "<group>"; };
		B6D345525AAB59E2A6F780F6 /* Pods-DailyCat.debug.xcconfig */ = {isa = PBXFileReference; includeInIndex = 1; lastKnownFileType = text.xcconfig; name = "Pods-DailyCat.debug.xcconfig"; path = "Target Support Files/Pods-DailyCat/Pods-DailyCat.debug.xcconfig"; sourceTree = "<group>"; };
		BFBA464C834A9C57979625FF /* Pods-DailyCatTests.debug.xcconfig */ = {isa = PBXFileReference; includeInIndex = 1; lastKnownFileType = text.xcconfig; name = "Pods-DailyCatTests.debug.xcconfig"; path = "Target Support Files/Pods-DailyCatTests/Pods-DailyCatTests.debug.xcconfig"; sourceTree = "<group>"; };
		C72197702376335AD0E319E8 /* Pods_DailyCatTests.framework */ = {isa = PBXFileReference; explicitFileType = wrapper.framework; includeInIndex = 0; path = Pods_DailyCatTests.framework; sourceTree = BUILT_PRODUCTS_DIR; };
/* End PBXFileReference section */

/* Begin PBXFrameworksBuildPhase section */
		2772081F24390755009F0698 /* Frameworks */ = {
			isa = PBXFrameworksBuildPhase;
			buildActionMask = 2147483647;
			files = (
				0A1179F1B5BC21A08905398C /* Pods_DailyCat.framework in Frameworks */,
			);
			runOnlyForDeploymentPostprocessing = 0;
		};
		2772083524390759009F0698 /* Frameworks */ = {
			isa = PBXFrameworksBuildPhase;
			buildActionMask = 2147483647;
			files = (
				3A09B5152B1DDBEE22F1D201 /* Pods_DailyCatTests.framework in Frameworks */,
			);
			runOnlyForDeploymentPostprocessing = 0;
		};
/* End PBXFrameworksBuildPhase section */

/* Begin PBXGroup section */
		166333D1A72A6147B901A89C /* Pods */ = {
			isa = PBXGroup;
			children = (
				B6D345525AAB59E2A6F780F6 /* Pods-DailyCat.debug.xcconfig */,
				32F87504CF4D09818EB4A643 /* Pods-DailyCat.release.xcconfig */,
				BFBA464C834A9C57979625FF /* Pods-DailyCatTests.debug.xcconfig */,
				2BA0DAE20499D69B7119F094 /* Pods-DailyCatTests.release.xcconfig */,
			);
			path = Pods;
			sourceTree = "<group>";
		};
		2772081924390755009F0698 = {
			isa = PBXGroup;
			children = (
				2772082424390755009F0698 /* DailyCat */,
				2772083B24390759009F0698 /* DailyCatTests */,
				2772082324390755009F0698 /* Products */,
				166333D1A72A6147B901A89C /* Pods */,
				6B345C05E4FDB73EC41C4F8A /* Frameworks */,
			);
			sourceTree = "<group>";
		};
		2772082324390755009F0698 /* Products */ = {
			isa = PBXGroup;
			children = (
				2772082224390755009F0698 /* DailyCat.app */,
				2772083824390759009F0698 /* DailyCatTests.xctest */,
			);
			name = Products;
			sourceTree = "<group>";
		};
		2772082424390755009F0698 /* DailyCat */ = {
			isa = PBXGroup;
			children = (
				2772082524390755009F0698 /* AppDelegate.swift */,
				2772082724390755009F0698 /* SceneDelegate.swift */,
				2772082924390755009F0698 /* ViewController.swift */,
				277E5E4E243B9E9900BBEBA8 /* AboutScreen.swift */,
				2772082B24390755009F0698 /* Main.storyboard */,
				2772082E24390759009F0698 /* Assets.xcassets */,
				27720851243A7528009F0698 /* cat_in_box.jpg */,
				2772083024390759009F0698 /* LaunchScreen.storyboard */,
				2772083324390759009F0698 /* Info.plist */,
				277208472439078A009F0698 /* Endpoint.swift */,
				2772084B24390CDF009F0698 /* CatFacts.swift */,
				2772084D24390E4C009F0698 /* CatApi.swift */,
			);
			path = DailyCat;
			sourceTree = "<group>";
		};
		2772083B24390759009F0698 /* DailyCatTests */ = {
			isa = PBXGroup;
			children = (
				2772083C24390759009F0698 /* DailyCatTests.swift */,
				2772083E24390759009F0698 /* Info.plist */,
			);
			path = DailyCatTests;
			sourceTree = "<group>";
		};
		6B345C05E4FDB73EC41C4F8A /* Frameworks */ = {
			isa = PBXGroup;
			children = (
				27720853243AB326009F0698 /* GoogleUtilities.framework */,
				139D29FF31E4F58A8C85DF85 /* Pods_DailyCat.framework */,
				C72197702376335AD0E319E8 /* Pods_DailyCatTests.framework */,
			);
			name = Frameworks;
			sourceTree = "<group>";
		};
/* End PBXGroup section */

/* Begin PBXNativeTarget section */
		2772082124390755009F0698 /* DailyCat */ = {
			isa = PBXNativeTarget;
			buildConfigurationList = 2772084124390759009F0698 /* Build configuration list for PBXNativeTarget "DailyCat" */;
			buildPhases = (
				F190AD7F7568119A8CA30769 /* [CP] Check Pods Manifest.lock */,
				2772081E24390755009F0698 /* Sources */,
				2772081F24390755009F0698 /* Frameworks */,
				2772082024390755009F0698 /* Resources */,
			);
			buildRules = (
			);
			dependencies = (
			);
			name = DailyCat;
			productName = DailyCat;
			productReference = 2772082224390755009F0698 /* DailyCat.app */;
			productType = "com.apple.product-type.application";
		};
		2772083724390759009F0698 /* DailyCatTests */ = {
			isa = PBXNativeTarget;
			buildConfigurationList = 2772084424390759009F0698 /* Build configuration list for PBXNativeTarget "DailyCatTests" */;
			buildPhases = (
				3895E959FC0075901AB58291 /* [CP] Check Pods Manifest.lock */,
				2772083424390759009F0698 /* Sources */,
				2772083524390759009F0698 /* Frameworks */,
				2772083624390759009F0698 /* Resources */,
			);
			buildRules = (
			);
			dependencies = (
				2772083A24390759009F0698 /* PBXTargetDependency */,
			);
			name = DailyCatTests;
			productName = DailyCatTests;
			productReference = 2772083824390759009F0698 /* DailyCatTests.xctest */;
			productType = "com.apple.product-type.bundle.unit-test";
		};
/* End PBXNativeTarget section */

/* Begin PBXProject section */
		2772081A24390755009F0698 /* Project object */ = {
			isa = PBXProject;
			attributes = {
				LastSwiftUpdateCheck = 1140;
				LastUpgradeCheck = 1140;
				ORGANIZATIONNAME = "Mike Cohen";
				TargetAttributes = {
					2772082124390755009F0698 = {
						CreatedOnToolsVersion = 11.4;
					};
					2772083724390759009F0698 = {
						CreatedOnToolsVersion = 11.4;
						TestTargetID = 2772082124390755009F0698;
					};
				};
			};
			buildConfigurationList = 2772081D24390755009F0698 /* Build configuration list for PBXProject "DailyCat" */;
			compatibilityVersion = "Xcode 9.3";
			developmentRegion = en;
			hasScannedForEncodings = 0;
			knownRegions = (
				en,
				Base,
			);
			mainGroup = 2772081924390755009F0698;
			productRefGroup = 2772082324390755009F0698 /* Products */;
			projectDirPath = "";
			projectRoot = "";
			targets = (
				2772082124390755009F0698 /* DailyCat */,
				2772083724390759009F0698 /* DailyCatTests */,
			);
		};
/* End PBXProject section */

/* Begin PBXResourcesBuildPhase section */
		2772082024390755009F0698 /* Resources */ = {
			isa = PBXResourcesBuildPhase;
			buildActionMask = 2147483647;
			files = (
				2772083224390759009F0698 /* LaunchScreen.storyboard in Resources */,
				2772082F24390759009F0698 /* Assets.xcassets in Resources */,
				2772082D24390755009F0698 /* Main.storyboard in Resources */,
				27720852243A7528009F0698 /* cat_in_box.jpg in Resources */,
			);
			runOnlyForDeploymentPostprocessing = 0;
		};
		2772083624390759009F0698 /* Resources */ = {
			isa = PBXResourcesBuildPhase;
			buildActionMask = 2147483647;
			files = (
			);
			runOnlyForDeploymentPostprocessing = 0;
		};
/* End PBXResourcesBuildPhase section */

/* Begin PBXShellScriptBuildPhase section */
		3895E959FC0075901AB58291 /* [CP] Check Pods Manifest.lock */ = {
			isa = PBXShellScriptBuildPhase;
			buildActionMask = 2147483647;
			files = (
			);
			inputFileListPaths = (
			);
			inputPaths = (
				"${PODS_PODFILE_DIR_PATH}/Podfile.lock",
				"${PODS_ROOT}/Manifest.lock",
			);
			name = "[CP] Check Pods Manifest.lock";
			outputFileListPaths = (
			);
			outputPaths = (
				"$(DERIVED_FILE_DIR)/Pods-DailyCatTests-checkManifestLockResult.txt",
			);
			runOnlyForDeploymentPostprocessing = 0;
			shellPath = /bin/sh;
			shellScript = "diff \"${PODS_PODFILE_DIR_PATH}/Podfile.lock\" \"${PODS_ROOT}/Manifest.lock\" > /dev/null\nif [ $? != 0 ] ; then\n    # print error to STDERR\n    echo \"error: The sandbox is not in sync with the Podfile.lock. Run 'pod install' or update your CocoaPods installation.\" >&2\n    exit 1\nfi\n# This output is used by Xcode 'outputs' to avoid re-running this script phase.\necho \"SUCCESS\" > \"${SCRIPT_OUTPUT_FILE_0}\"\n";
			showEnvVarsInLog = 0;
		};
		F190AD7F7568119A8CA30769 /* [CP] Check Pods Manifest.lock */ = {
			isa = PBXShellScriptBuildPhase;
			buildActionMask = 2147483647;
			files = (
			);
			inputFileListPaths = (
			);
			inputPaths = (
				"${PODS_PODFILE_DIR_PATH}/Podfile.lock",
				"${PODS_ROOT}/Manifest.lock",
			);
			name = "[CP] Check Pods Manifest.lock";
			outputFileListPaths = (
			);
			outputPaths = (
				"$(DERIVED_FILE_DIR)/Pods-DailyCat-checkManifestLockResult.txt",
			);
			runOnlyForDeploymentPostprocessing = 0;
			shellPath = /bin/sh;
			shellScript = "diff \"${PODS_PODFILE_DIR_PATH}/Podfile.lock\" \"${PODS_ROOT}/Manifest.lock\" > /dev/null\nif [ $? != 0 ] ; then\n    # print error to STDERR\n    echo \"error: The sandbox is not in sync with the Podfile.lock. Run 'pod install' or update your CocoaPods installation.\" >&2\n    exit 1\nfi\n# This output is used by Xcode 'outputs' to avoid re-running this script phase.\necho \"SUCCESS\" > \"${SCRIPT_OUTPUT_FILE_0}\"\n";
			showEnvVarsInLog = 0;
		};
/* End PBXShellScriptBuildPhase section */

/* Begin PBXSourcesBuildPhase section */
		2772081E24390755009F0698 /* Sources */ = {
			isa = PBXSourcesBuildPhase;
			buildActionMask = 2147483647;
			files = (
				2772082A24390755009F0698 /* ViewController.swift in Sources */,
				2772084E24390E4C009F0698 /* CatApi.swift in Sources */,
				2772082624390755009F0698 /* AppDelegate.swift in Sources */,
				2772084C24390CDF009F0698 /* CatFacts.swift in Sources */,
				277208482439078A009F0698 /* Endpoint.swift in Sources */,
				277E5E4F243B9E9900BBEBA8 /* AboutScreen.swift in Sources */,
				2772082824390755009F0698 /* SceneDelegate.swift in Sources */,
			);
			runOnlyForDeploymentPostprocessing = 0;
		};
		2772083424390759009F0698 /* Sources */ = {
			isa = PBXSourcesBuildPhase;
			buildActionMask = 2147483647;
			files = (
				2772083D24390759009F0698 /* DailyCatTests.swift in Sources */,
			);
			runOnlyForDeploymentPostprocessing = 0;
		};
/* End PBXSourcesBuildPhase section */

/* Begin PBXTargetDependency section */
		2772083A24390759009F0698 /* PBXTargetDependency */ = {
			isa = PBXTargetDependency;
			target = 2772082124390755009F0698 /* DailyCat */;
			targetProxy = 2772083924390759009F0698 /* PBXContainerItemProxy */;
		};
/* End PBXTargetDependency section */

/* Begin PBXVariantGroup section */
		2772082B24390755009F0698 /* Main.storyboard */ = {
			isa = PBXVariantGroup;
			children = (
				2772082C24390755009F0698 /* Base */,
			);
			name = Main.storyboard;
			sourceTree = "<group>";
		};
		2772083024390759009F0698 /* LaunchScreen.storyboard */ = {
			isa = PBXVariantGroup;
			children = (
				2772083124390759009F0698 /* Base */,
			);
			name = LaunchScreen.storyboard;
			sourceTree = "<group>";
		};
/* End PBXVariantGroup section */

/* Begin XCBuildConfiguration section */
		2772083F24390759009F0698 /* Debug */ = {
			isa = XCBuildConfiguration;
			buildSettings = {
				ALWAYS_SEARCH_USER_PATHS = NO;
				CLANG_ANALYZER_NONNULL = YES;
				CLANG_ANALYZER_NUMBER_OBJECT_CONVERSION = YES_AGGRESSIVE;
				CLANG_CXX_LANGUAGE_STANDARD = "gnu++14";
				CLANG_CXX_LIBRARY = "libc++";
				CLANG_ENABLE_MODULES = YES;
				CLANG_ENABLE_OBJC_ARC = YES;
				CLANG_ENABLE_OBJC_WEAK = YES;
				CLANG_WARN_BLOCK_CAPTURE_AUTORELEASING = YES;
				CLANG_WARN_BOOL_CONVERSION = YES;
				CLANG_WARN_COMMA = YES;
				CLANG_WARN_CONSTANT_CONVERSION = YES;
				CLANG_WARN_DEPRECATED_OBJC_IMPLEMENTATIONS = YES;
				CLANG_WARN_DIRECT_OBJC_ISA_USAGE = YES_ERROR;
				CLANG_WARN_DOCUMENTATION_COMMENTS = YES;
				CLANG_WARN_EMPTY_BODY = YES;
				CLANG_WARN_ENUM_CONVERSION = YES;
				CLANG_WARN_INFINITE_RECURSION = YES;
				CLANG_WARN_INT_CONVERSION = YES;
				CLANG_WARN_NON_LITERAL_NULL_CONVERSION = YES;
				CLANG_WARN_OBJC_IMPLICIT_RETAIN_SELF = YES;
				CLANG_WARN_OBJC_LITERAL_CONVERSION = YES;
				CLANG_WARN_OBJC_ROOT_CLASS = YES_ERROR;
				CLANG_WARN_RANGE_LOOP_ANALYSIS = YES;
				CLANG_WARN_STRICT_PROTOTYPES = YES;
				CLANG_WARN_SUSPICIOUS_MOVE = YES;
				CLANG_WARN_UNGUARDED_AVAILABILITY = YES_AGGRESSIVE;
				CLANG_WARN_UNREACHABLE_CODE = YES;
				CLANG_WARN__DUPLICATE_METHOD_MATCH = YES;
				COPY_PHASE_STRIP = NO;
				DEBUG_INFORMATION_FORMAT = dwarf;
				ENABLE_STRICT_OBJC_MSGSEND = YES;
				ENABLE_TESTABILITY = YES;
				GCC_C_LANGUAGE_STANDARD = gnu11;
				GCC_DYNAMIC_NO_PIC = NO;
				GCC_NO_COMMON_BLOCKS = YES;
				GCC_OPTIMIZATION_LEVEL = 0;
				GCC_PREPROCESSOR_DEFINITIONS = (
					"DEBUG=1",
					"$(inherited)",
				);
				GCC_WARN_64_TO_32_BIT_CONVERSION = YES;
				GCC_WARN_ABOUT_RETURN_TYPE = YES_ERROR;
				GCC_WARN_UNDECLARED_SELECTOR = YES;
				GCC_WARN_UNINITIALIZED_AUTOS = YES_AGGRESSIVE;
				GCC_WARN_UNUSED_FUNCTION = YES;
				GCC_WARN_UNUSED_VARIABLE = YES;
				IPHONEOS_DEPLOYMENT_TARGET = 13.4;
				MTL_ENABLE_DEBUG_INFO = INCLUDE_SOURCE;
				MTL_FAST_MATH = YES;
				ONLY_ACTIVE_ARCH = YES;
				SDKROOT = iphoneos;
				SWIFT_ACTIVE_COMPILATION_CONDITIONS = DEBUG;
				SWIFT_OPTIMIZATION_LEVEL = "-Onone";
			};
			name = Debug;
		};
		2772084024390759009F0698 /* Release */ = {
			isa = XCBuildConfiguration;
			buildSettings = {
				ALWAYS_SEARCH_USER_PATHS = NO;
				CLANG_ANALYZER_NONNULL = YES;
				CLANG_ANALYZER_NUMBER_OBJECT_CONVERSION = YES_AGGRESSIVE;
				CLANG_CXX_LANGUAGE_STANDARD = "gnu++14";
				CLANG_CXX_LIBRARY = "libc++";
				CLANG_ENABLE_MODULES = YES;
				CLANG_ENABLE_OBJC_ARC = YES;
				CLANG_ENABLE_OBJC_WEAK = YES;
				CLANG_WARN_BLOCK_CAPTURE_AUTORELEASING = YES;
				CLANG_WARN_BOOL_CONVERSION = YES;
				CLANG_WARN_COMMA = YES;
				CLANG_WARN_CONSTANT_CONVERSION = YES;
				CLANG_WARN_DEPRECATED_OBJC_IMPLEMENTATIONS = YES;
				CLANG_WARN_DIRECT_OBJC_ISA_USAGE = YES_ERROR;
				CLANG_WARN_DOCUMENTATION_COMMENTS = YES;
				CLANG_WARN_EMPTY_BODY = YES;
				CLANG_WARN_ENUM_CONVERSION = YES;
				CLANG_WARN_INFINITE_RECURSION = YES;
				CLANG_WARN_INT_CONVERSION = YES;
				CLANG_WARN_NON_LITERAL_NULL_CONVERSION = YES;
				CLANG_WARN_OBJC_IMPLICIT_RETAIN_SELF = YES;
				CLANG_WARN_OBJC_LITERAL_CONVERSION = YES;
				CLANG_WARN_OBJC_ROOT_CLASS = YES_ERROR;
				CLANG_WARN_RANGE_LOOP_ANALYSIS = YES;
				CLANG_WARN_STRICT_PROTOTYPES = YES;
				CLANG_WARN_SUSPICIOUS_MOVE = YES;
				CLANG_WARN_UNGUARDED_AVAILABILITY = YES_AGGRESSIVE;
				CLANG_WARN_UNREACHABLE_CODE = YES;
				CLANG_WARN__DUPLICATE_METHOD_MATCH = YES;
				COPY_PHASE_STRIP = NO;
				DEBUG_INFORMATION_FORMAT = "dwarf-with-dsym";
				ENABLE_NS_ASSERTIONS = NO;
				ENABLE_STRICT_OBJC_MSGSEND = YES;
				GCC_C_LANGUAGE_STANDARD = gnu11;
				GCC_NO_COMMON_BLOCKS = YES;
				GCC_WARN_64_TO_32_BIT_CONVERSION = YES;
				GCC_WARN_ABOUT_RETURN_TYPE = YES_ERROR;
				GCC_WARN_UNDECLARED_SELECTOR = YES;
				GCC_WARN_UNINITIALIZED_AUTOS = YES_AGGRESSIVE;
				GCC_WARN_UNUSED_FUNCTION = YES;
				GCC_WARN_UNUSED_VARIABLE = YES;
				IPHONEOS_DEPLOYMENT_TARGET = 13.4;
				MTL_ENABLE_DEBUG_INFO = NO;
				MTL_FAST_MATH = YES;
				SDKROOT = iphoneos;
				SWIFT_COMPILATION_MODE = wholemodule;
				SWIFT_OPTIMIZATION_LEVEL = "-O";
				VALIDATE_PRODUCT = YES;
			};
			name = Release;
		};
		2772084224390759009F0698 /* Debug */ = {
			isa = XCBuildConfiguration;
			baseConfigurationReference = B6D345525AAB59E2A6F780F6 /* Pods-DailyCat.debug.xcconfig */;
			buildSettings = {
				ASSETCATALOG_COMPILER_APPICON_NAME = AppIcon;
				CODE_SIGN_STYLE = Automatic;
				CURRENT_PROJECT_VERSION = 2;
				DEVELOPMENT_TEAM = MJQW94A385;
				INFOPLIST_FILE = DailyCat/Info.plist;
				IPHONEOS_DEPLOYMENT_TARGET = 13.0;
				LD_RUNPATH_SEARCH_PATHS = (
					"$(inherited)",
					"@executable_path/Frameworks",
				);
				PRODUCT_BUNDLE_IDENTIFIER = com.mcdevzone.DailyCat;
				PRODUCT_NAME = "$(TARGET_NAME)";
				SWIFT_VERSION = 5.0;
				TARGETED_DEVICE_FAMILY = 1;
			};
			name = Debug;
		};
		2772084324390759009F0698 /* Release */ = {
			isa = XCBuildConfiguration;
			baseConfigurationReference = 32F87504CF4D09818EB4A643 /* Pods-DailyCat.release.xcconfig */;
			buildSettings = {
				ASSETCATALOG_COMPILER_APPICON_NAME = AppIcon;
				CODE_SIGN_IDENTITY = "Apple Distribution";
				CODE_SIGN_STYLE = Manual;
				CURRENT_PROJECT_VERSION = 2;
				DEVELOPMENT_TEAM = MJQW94A385;
				INFOPLIST_FILE = DailyCat/Info.plist;
				IPHONEOS_DEPLOYMENT_TARGET = 13.0;
				LD_RUNPATH_SEARCH_PATHS = (
					"$(inherited)",
					"@executable_path/Frameworks",
				);
				PRODUCT_BUNDLE_IDENTIFIER = com.mcdevzone.DailyCat;
				PRODUCT_NAME = "$(TARGET_NAME)";
				PROVISIONING_PROFILE_SPECIFIER = "Daily Cat App Store";
				SWIFT_VERSION = 5.0;
				TARGETED_DEVICE_FAMILY = 1;
			};
			name = Release;
		};
		2772084524390759009F0698 /* Debug */ = {
			isa = XCBuildConfiguration;
			baseConfigurationReference = BFBA464C834A9C57979625FF /* Pods-DailyCatTests.debug.xcconfig */;
			buildSettings = {
				ALWAYS_EMBED_SWIFT_STANDARD_LIBRARIES = YES;
				BUNDLE_LOADER = "$(TEST_HOST)";
				CODE_SIGN_STYLE = Automatic;
				DEVELOPMENT_TEAM = MJQW94A385;
				INFOPLIST_FILE = DailyCatTests/Info.plist;
				IPHONEOS_DEPLOYMENT_TARGET = 13.4;
				LD_RUNPATH_SEARCH_PATHS = (
					"$(inherited)",
					"@executable_path/Frameworks",
					"@loader_path/Frameworks",
				);
				PRODUCT_BUNDLE_IDENTIFIER = com.mcdevzone.DailyCatTests;
				PRODUCT_NAME = "$(TARGET_NAME)";
				SWIFT_VERSION = 5.0;
				TARGETED_DEVICE_FAMILY = "1,2";
				TEST_HOST = "$(BUILT_PRODUCTS_DIR)/DailyCat.app/DailyCat";
			};
			name = Debug;
		};
		2772084624390759009F0698 /* Release */ = {
			isa = XCBuildConfiguration;
			baseConfigurationReference = 2BA0DAE20499D69B7119F094 /* Pods-DailyCatTests.release.xcconfig */;
			buildSettings = {
				ALWAYS_EMBED_SWIFT_STANDARD_LIBRARIES = YES;
				BUNDLE_LOADER = "$(TEST_HOST)";
				CODE_SIGN_STYLE = Automatic;
				DEVELOPMENT_TEAM = MJQW94A385;
				INFOPLIST_FILE = DailyCatTests/Info.plist;
				IPHONEOS_DEPLOYMENT_TARGET = 13.4;
				LD_RUNPATH_SEARCH_PATHS = (
					"$(inherited)",
					"@executable_path/Frameworks",
					"@loader_path/Frameworks",
				);
				PRODUCT_BUNDLE_IDENTIFIER = com.mcdevzone.DailyCatTests;
				PRODUCT_NAME = "$(TARGET_NAME)";
				SWIFT_VERSION = 5.0;
				TARGETED_DEVICE_FAMILY = "1,2";
				TEST_HOST = "$(BUILT_PRODUCTS_DIR)/DailyCat.app/DailyCat";
			};
			name = Release;
		};
/* End XCBuildConfiguration section */

/* Begin XCConfigurationList section */
		2772081D24390755009F0698 /* Build configuration list for PBXProject "DailyCat" */ = {
			isa = XCConfigurationList;
			buildConfigurations = (
				2772083F24390759009F0698 /* Debug */,
				2772084024390759009F0698 /* Release */,
			);
			defaultConfigurationIsVisible = 0;
			defaultConfigurationName = Release;
		};
		2772084124390759009F0698 /* Build configuration list for PBXNativeTarget "DailyCat" */ = {
			isa = XCConfigurationList;
			buildConfigurations = (
				2772084224390759009F0698 /* Debug */,
				2772084324390759009F0698 /* Release */,
			);
			defaultConfigurationIsVisible = 0;
			defaultConfigurationName = Release;
		};
		2772084424390759009F0698 /* Build configuration list for PBXNativeTarget "DailyCatTests" */ = {
			isa = XCConfigurationList;
			buildConfigurations = (
				2772084524390759009F0698 /* Debug */,
				2772084624390759009F0698 /* Release */,
			);
			defaultConfigurationIsVisible = 0;
			defaultConfigurationName = Release;
		};
/* End XCConfigurationList section */
	};
	rootObject = 2772081A24390755009F0698 /* Project object */;
}
